// !$*UTF8*$!
{
	archiveVersion = 1;
	classes = {
	};
	objectVersion = 56;
	objects = {

/* Begin PBXBuildFile section */
		B2EC23112A166F6300F47F24 /* ActivityViewerApp.swift in Sources */ = {isa = PBXBuildFile; fileRef = B2EC23102A166F6300F47F24 /* ActivityViewerApp.swift */; };
		B2EC23132A166F6300F47F24 /* ContentView.swift in Sources */ = {isa = PBXBuildFile; fileRef = B2EC23122A166F6300F47F24 /* ContentView.swift */; };
		B2EC23152A166F6400F47F24 /* Assets.xcassets in Resources */ = {isa = PBXBuildFile; fileRef = B2EC23142A166F6400F47F24 /* Assets.xcassets */; };
		B2EC23182A166F6400F47F24 /* Preview Assets.xcassets in Resources */ = {isa = PBXBuildFile; fileRef = B2EC23172A166F6400F47F24 /* Preview Assets.xcassets */; };
		B2EC23222A166F6400F47F24 /* ActivityViewerTests.swift in Sources */ = {isa = PBXBuildFile; fileRef = B2EC23212A166F6400F47F24 /* ActivityViewerTests.swift */; };
		B2EC232C2A166F6400F47F24 /* ActivityViewerUITests.swift in Sources */ = {isa = PBXBuildFile; fileRef = B2EC232B2A166F6400F47F24 /* ActivityViewerUITests.swift */; };
		B2EC232E2A166F6400F47F24 /* ActivityViewerUITestsLaunchTests.swift in Sources */ = {isa = PBXBuildFile; fileRef = B2EC232D2A166F6400F47F24 /* ActivityViewerUITestsLaunchTests.swift */; };
		B2EC233B2A166F8D00F47F24 /* ActivityStore.swift in Sources */ = {isa = PBXBuildFile; fileRef = B2EC233A2A166F8D00F47F24 /* ActivityStore.swift */; };
		B2EC233D2A16CA9E00F47F24 /* Technical-test-UI-instructions.pdf in Resources */ = {isa = PBXBuildFile; fileRef = B2EC233C2A16CA9E00F47F24 /* Technical-test-UI-instructions.pdf */; };
/* End PBXBuildFile section */

/* Begin PBXContainerItemProxy section */
		B2EC231E2A166F6400F47F24 /* PBXContainerItemProxy */ = {
			isa = PBXContainerItemProxy;
			containerPortal = B2EC23052A166F6300F47F24 /* Project object */;
			proxyType = 1;
			remoteGlobalIDString = B2EC230C2A166F6300F47F24;
			remoteInfo = ActivityViewer;
		};
		B2EC23282A166F6400F47F24 /* PBXContainerItemProxy */ = {
			isa = PBXContainerItemProxy;
			containerPortal = B2EC23052A166F6300F47F24 /* Project object */;
			proxyType = 1;
			remoteGlobalIDString = B2EC230C2A166F6300F47F24;
			remoteInfo = ActivityViewer;
		};
/* End PBXContainerItemProxy section */

/* Begin PBXFileReference section */
		B2EC230D2A166F6300F47F24 /* ActivityViewer.app */ = {isa = PBXFileReference; explicitFileType = wrapper.application; includeInIndex = 0; path = ActivityViewer.app; sourceTree = BUILT_PRODUCTS_DIR; };
		B2EC23102A166F6300F47F24 /* ActivityViewerApp.swift */ = {isa = PBXFileReference; lastKnownFileType = sourcecode.swift; path = ActivityViewerApp.swift; sourceTree = "<group>"; };
		B2EC23122A166F6300F47F24 /* ContentView.swift */ = {isa = PBXFileReference; lastKnownFileType = sourcecode.swift; path = ContentView.swift; sourceTree = "<group>"; };
		B2EC23142A166F6400F47F24 /* Assets.xcassets */ = {isa = PBXFileReference; lastKnownFileType = folder.assetcatalog; path = Assets.xcassets; sourceTree = "<group>"; };
		B2EC23172A166F6400F47F24 /* Preview Assets.xcassets */ = {isa = PBXFileReference; lastKnownFileType = folder.assetcatalog; path = "Preview Assets.xcassets"; sourceTree = "<group>"; };
		B2EC231D2A166F6400F47F24 /* ActivityViewerTests.xctest */ = {isa = PBXFileReference; explicitFileType = wrapper.cfbundle; includeInIndex = 0; path = ActivityViewerTests.xctest; sourceTree = BUILT_PRODUCTS_DIR; };
		B2EC23212A166F6400F47F24 /* ActivityViewerTests.swift */ = {isa = PBXFileReference; lastKnownFileType = sourcecode.swift; path = ActivityViewerTests.swift; sourceTree = "<group>"; };
		B2EC23272A166F6400F47F24 /* ActivityViewerUITests.xctest */ = {isa = PBXFileReference; explicitFileType = wrapper.cfbundle; includeInIndex = 0; path = ActivityViewerUITests.xctest; sourceTree = BUILT_PRODUCTS_DIR; };
		B2EC232B2A166F6400F47F24 /* ActivityViewerUITests.swift */ = {isa = PBXFileReference; lastKnownFileType = sourcecode.swift; path = ActivityViewerUITests.swift; sourceTree = "<group>"; };
		B2EC232D2A166F6400F47F24 /* ActivityViewerUITestsLaunchTests.swift */ = {isa = PBXFileReference; lastKnownFileType = sourcecode.swift; path = ActivityViewerUITestsLaunchTests.swift; sourceTree = "<group>"; };
		B2EC233A2A166F8D00F47F24 /* ActivityStore.swift */ = {isa = PBXFileReference; lastKnownFileType = sourcecode.swift; path = ActivityStore.swift; sourceTree = "<group>"; };
		B2EC233C2A16CA9E00F47F24 /* Technical-test-UI-instructions.pdf */ = {isa = PBXFileReference; lastKnownFileType = image.pdf; path = "Technical-test-UI-instructions.pdf"; sourceTree = "<group>"; };
/* End PBXFileReference section */

/* Begin PBXFrameworksBuildPhase section */
		B2EC230A2A166F6300F47F24 /* Frameworks */ = {
			isa = PBXFrameworksBuildPhase;
			buildActionMask = 2147483647;
			files = (
			);
			runOnlyForDeploymentPostprocessing = 0;
		};
		B2EC231A2A166F6400F47F24 /* Frameworks */ = {
			isa = PBXFrameworksBuildPhase;
			buildActionMask = 2147483647;
			files = (
			);
			runOnlyForDeploymentPostprocessing = 0;
		};
		B2EC23242A166F6400F47F24 /* Frameworks */ = {
			isa = PBXFrameworksBuildPhase;
			buildActionMask = 2147483647;
			files = (
			);
			runOnlyForDeploymentPostprocessing = 0;
		};
/* End PBXFrameworksBuildPhase section */

/* Begin PBXGroup section */
		B2EC23042A166F6300F47F24 = {
			isa = PBXGroup;
			children = (
				B2EC233C2A16CA9E00F47F24 /* Technical-test-UI-instructions.pdf */,
				B2EC230F2A166F6300F47F24 /* ActivityViewer */,
				B2EC23202A166F6400F47F24 /* ActivityViewerTests */,
				B2EC232A2A166F6400F47F24 /* ActivityViewerUITests */,
				B2EC230E2A166F6300F47F24 /* Products */,
			);
			sourceTree = "<group>";
		};
		B2EC230E2A166F6300F47F24 /* Products */ = {
			isa = PBXGroup;
			children = (
				B2EC230D2A166F6300F47F24 /* ActivityViewer.app */,
				B2EC231D2A166F6400F47F24 /* ActivityViewerTests.xctest */,
				B2EC23272A166F6400F47F24 /* ActivityViewerUITests.xctest */,
			);
			name = Products;
			sourceTree = "<group>";
		};
		B2EC230F2A166F6300F47F24 /* ActivityViewer */ = {
			isa = PBXGroup;
			children = (
				B2EC23102A166F6300F47F24 /* ActivityViewerApp.swift */,
				B2EC23122A166F6300F47F24 /* ContentView.swift */,
				B2EC233A2A166F8D00F47F24 /* ActivityStore.swift */,
				B2EC23142A166F6400F47F24 /* Assets.xcassets */,
				B2EC23162A166F6400F47F24 /* Preview Content */,
			);
			path = ActivityViewer;
			sourceTree = "<group>";
		};
		B2EC23162A166F6400F47F24 /* Preview Content */ = {
			isa = PBXGroup;
			children = (
				B2EC23172A166F6400F47F24 /* Preview Assets.xcassets */,
			);
			path = "Preview Content";
			sourceTree = "<group>";
		};
		B2EC23202A166F6400F47F24 /* ActivityViewerTests */ = {
			isa = PBXGroup;
			children = (
				B2EC23212A166F6400F47F24 /* ActivityViewerTests.swift */,
			);
			path = ActivityViewerTests;
			sourceTree = "<group>";
		};
		B2EC232A2A166F6400F47F24 /* ActivityViewerUITests */ = {
			isa = PBXGroup;
			children = (
				B2EC232B2A166F6400F47F24 /* ActivityViewerUITests.swift */,
				B2EC232D2A166F6400F47F24 /* ActivityViewerUITestsLaunchTests.swift */,
			);
			path = ActivityViewerUITests;
			sourceTree = "<group>";
		};
/* End PBXGroup section */

/* Begin PBXNativeTarget section */
		B2EC230C2A166F6300F47F24 /* ActivityViewer */ = {
			isa = PBXNativeTarget;
			buildConfigurationList = B2EC23312A166F6400F47F24 /* Build configuration list for PBXNativeTarget "ActivityViewer" */;
			buildPhases = (
				B2EC23092A166F6300F47F24 /* Sources */,
				B2EC230A2A166F6300F47F24 /* Frameworks */,
				B2EC230B2A166F6300F47F24 /* Resources */,
			);
			buildRules = (
			);
			dependencies = (
			);
			name = ActivityViewer;
			productName = ActivityViewer;
			productReference = B2EC230D2A166F6300F47F24 /* ActivityViewer.app */;
			productType = "com.apple.product-type.application";
		};
		B2EC231C2A166F6400F47F24 /* ActivityViewerTests */ = {
			isa = PBXNativeTarget;
			buildConfigurationList = B2EC23342A166F6400F47F24 /* Build configuration list for PBXNativeTarget "ActivityViewerTests" */;
			buildPhases = (
				B2EC23192A166F6400F47F24 /* Sources */,
				B2EC231A2A166F6400F47F24 /* Frameworks */,
				B2EC231B2A166F6400F47F24 /* Resources */,
			);
			buildRules = (
			);
			dependencies = (
				B2EC231F2A166F6400F47F24 /* PBXTargetDependency */,
			);
			name = ActivityViewerTests;
			productName = ActivityViewerTests;
			productReference = B2EC231D2A166F6400F47F24 /* ActivityViewerTests.xctest */;
			productType = "com.apple.product-type.bundle.unit-test";
		};
		B2EC23262A166F6400F47F24 /* ActivityViewerUITests */ = {
			isa = PBXNativeTarget;
			buildConfigurationList = B2EC23372A166F6400F47F24 /* Build configuration list for PBXNativeTarget "ActivityViewerUITests" */;
			buildPhases = (
				B2EC23232A166F6400F47F24 /* Sources */,
				B2EC23242A166F6400F47F24 /* Frameworks */,
				B2EC23252A166F6400F47F24 /* Resources */,
			);
			buildRules = (
			);
			dependencies = (
				B2EC23292A166F6400F47F24 /* PBXTargetDependency */,
			);
			name = ActivityViewerUITests;
			productName = ActivityViewerUITests;
			productReference = B2EC23272A166F6400F47F24 /* ActivityViewerUITests.xctest */;
			productType = "com.apple.product-type.bundle.ui-testing";
		};
/* End PBXNativeTarget section */

/* Begin PBXProject section */
		B2EC23052A166F6300F47F24 /* Project object */ = {
			isa = PBXProject;
			attributes = {
				BuildIndependentTargetsInParallel = 1;
				LastSwiftUpdateCheck = 1420;
				LastUpgradeCheck = 1420;
				TargetAttributes = {
					B2EC230C2A166F6300F47F24 = {
						CreatedOnToolsVersion = 14.2;
					};
					B2EC231C2A166F6400F47F24 = {
						CreatedOnToolsVersion = 14.2;
						TestTargetID = B2EC230C2A166F6300F47F24;
					};
					B2EC23262A166F6400F47F24 = {
						CreatedOnToolsVersion = 14.2;
						TestTargetID = B2EC230C2A166F6300F47F24;
					};
				};
			};
			buildConfigurationList = B2EC23082A166F6300F47F24 /* Build configuration list for PBXProject "ActivityViewer" */;
			compatibilityVersion = "Xcode 14.0";
			developmentRegion = en;
			hasScannedForEncodings = 0;
			knownRegions = (
				en,
				Base,
			);
			mainGroup = B2EC23042A166F6300F47F24;
			productRefGroup = B2EC230E2A166F6300F47F24 /* Products */;
			projectDirPath = "";
			projectRoot = "";
			targets = (
				B2EC230C2A166F6300F47F24 /* ActivityViewer */,
				B2EC231C2A166F6400F47F24 /* ActivityViewerTests */,
				B2EC23262A166F6400F47F24 /* ActivityViewerUITests */,
			);
		};
/* End PBXProject section */

/* Begin PBXResourcesBuildPhase section */
		B2EC230B2A166F6300F47F24 /* Resources */ = {
			isa = PBXResourcesBuildPhase;
			buildActionMask = 2147483647;
			files = (
				B2EC23182A166F6400F47F24 /* Preview Assets.xcassets in Resources */,
				B2EC23152A166F6400F47F24 /* Assets.xcassets in Resources */,
				B2EC233D2A16CA9E00F47F24 /* Technical-test-UI-instructions.pdf in Resources */,
			);
			runOnlyForDeploymentPostprocessing = 0;
		};
		B2EC231B2A166F6400F47F24 /* Resources */ = {
			isa = PBXResourcesBuildPhase;
			buildActionMask = 2147483647;
			files = (
			);
			runOnlyForDeploymentPostprocessing = 0;
		};
		B2EC23252A166F6400F47F24 /* Resources */ = {
			isa = PBXResourcesBuildPhase;
			buildActionMask = 2147483647;
			files = (
			);
			runOnlyForDeploymentPostprocessing = 0;
		};
/* End PBXResourcesBuildPhase section */

/* Begin PBXSourcesBuildPhase section */
		B2EC23092A166F6300F47F24 /* Sources */ = {
			isa = PBXSourcesBuildPhase;
			buildActionMask = 2147483647;
			files = (
				B2EC23132A166F6300F47F24 /* ContentView.swift in Sources */,
				B2EC23112A166F6300F47F24 /* ActivityViewerApp.swift in Sources */,
				B2EC233B2A166F8D00F47F24 /* ActivityStore.swift in Sources */,
			);
			runOnlyForDeploymentPostprocessing = 0;
		};
		B2EC23192A166F6400F47F24 /* Sources */ = {
			isa = PBXSourcesBuildPhase;
			buildActionMask = 2147483647;
			files = (
				B2EC23222A166F6400F47F24 /* ActivityViewerTests.swift in Sources */,
			);
			runOnlyForDeploymentPostprocessing = 0;
		};
		B2EC23232A166F6400F47F24 /* Sources */ = {
			isa = PBXSourcesBuildPhase;
			buildActionMask = 2147483647;
			files = (
				B2EC232C2A166F6400F47F24 /* ActivityViewerUITests.swift in Sources */,
				B2EC232E2A166F6400F47F24 /* ActivityViewerUITestsLaunchTests.swift in Sources */,
			);
			runOnlyForDeploymentPostprocessing = 0;
		};
/* End PBXSourcesBuildPhase section */

/* Begin PBXTargetDependency section */
		B2EC231F2A166F6400F47F24 /* PBXTargetDependency */ = {
			isa = PBXTargetDependency;
			target = B2EC230C2A166F6300F47F24 /* ActivityViewer */;
			targetProxy = B2EC231E2A166F6400F47F24 /* PBXContainerItemProxy */;
		};
		B2EC23292A166F6400F47F24 /* PBXTargetDependency */ = {
			isa = PBXTargetDependency;
			target = B2EC230C2A166F6300F47F24 /* ActivityViewer */;
			targetProxy = B2EC23282A166F6400F47F24 /* PBXContainerItemProxy */;
		};
/* End PBXTargetDependency section */

/* Begin XCBuildConfiguration section */
		B2EC232F2A166F6400F47F24 /* Debug */ = {
			isa = XCBuildConfiguration;
			buildSettings = {
				ALWAYS_SEARCH_USER_PATHS = NO;
				CLANG_ANALYZER_NONNULL = YES;
				CLANG_ANALYZER_NUMBER_OBJECT_CONVERSION = YES_AGGRESSIVE;
				CLANG_CXX_LANGUAGE_STANDARD = "gnu++20";
				CLANG_ENABLE_MODULES = YES;
				CLANG_ENABLE_OBJC_ARC = YES;
				CLANG_ENABLE_OBJC_WEAK = YES;
				CLANG_WARN_BLOCK_CAPTURE_AUTORELEASING = YES;
				CLANG_WARN_BOOL_CONVERSION = YES;
				CLANG_WARN_COMMA = YES;
				CLANG_WARN_CONSTANT_CONVERSION = YES;
				CLANG_WARN_DEPRECATED_OBJC_IMPLEMENTATIONS = YES;
				CLANG_WARN_DIRECT_OBJC_ISA_USAGE = YES_ERROR;
				CLANG_WARN_DOCUMENTATION_COMMENTS = YES;
				CLANG_WARN_EMPTY_BODY = YES;
				CLANG_WARN_ENUM_CONVERSION = YES;
				CLANG_WARN_INFINITE_RECURSION = YES;
				CLANG_WARN_INT_CONVERSION = YES;
				CLANG_WARN_NON_LITERAL_NULL_CONVERSION = YES;
				CLANG_WARN_OBJC_IMPLICIT_RETAIN_SELF = YES;
				CLANG_WARN_OBJC_LITERAL_CONVERSION = YES;
				CLANG_WARN_OBJC_ROOT_CLASS = YES_ERROR;
				CLANG_WARN_QUOTED_INCLUDE_IN_FRAMEWORK_HEADER = YES;
				CLANG_WARN_RANGE_LOOP_ANALYSIS = YES;
				CLANG_WARN_STRICT_PROTOTYPES = YES;
				CLANG_WARN_SUSPICIOUS_MOVE = YES;
				CLANG_WARN_UNGUARDED_AVAILABILITY = YES_AGGRESSIVE;
				CLANG_WARN_UNREACHABLE_CODE = YES;
				CLANG_WARN__DUPLICATE_METHOD_MATCH = YES;
				COPY_PHASE_STRIP = NO;
				DEBUG_INFORMATION_FORMAT = dwarf;
				ENABLE_STRICT_OBJC_MSGSEND = YES;
				ENABLE_TESTABILITY = YES;
				GCC_C_LANGUAGE_STANDARD = gnu11;
				GCC_DYNAMIC_NO_PIC = NO;
				GCC_NO_COMMON_BLOCKS = YES;
				GCC_OPTIMIZATION_LEVEL = 0;
				GCC_PREPROCESSOR_DEFINITIONS = (
					"DEBUG=1",
					"$(inherited)",
				);
				GCC_WARN_64_TO_32_BIT_CONVERSION = YES;
				GCC_WARN_ABOUT_RETURN_TYPE = YES_ERROR;
				GCC_WARN_UNDECLARED_SELECTOR = YES;
				GCC_WARN_UNINITIALIZED_AUTOS = YES_AGGRESSIVE;
				GCC_WARN_UNUSED_FUNCTION = YES;
				GCC_WARN_UNUSED_VARIABLE = YES;
				IPHONEOS_DEPLOYMENT_TARGET = 16.2;
				MTL_ENABLE_DEBUG_INFO = INCLUDE_SOURCE;
				MTL_FAST_MATH = YES;
				ONLY_ACTIVE_ARCH = YES;
				SDKROOT = iphoneos;
				SWIFT_ACTIVE_COMPILATION_CONDITIONS = DEBUG;
				SWIFT_OPTIMIZATION_LEVEL = "-Onone";
			};
			name = Debug;
		};
		B2EC23302A166F6400F47F24 /* Release */ = {
			isa = XCBuildConfiguration;
			buildSettings = {
				ALWAYS_SEARCH_USER_PATHS = NO;
				CLANG_ANALYZER_NONNULL = YES;
				CLANG_ANALYZER_NUMBER_OBJECT_CONVERSION = YES_AGGRESSIVE;
				CLANG_CXX_LANGUAGE_STANDARD = "gnu++20";
				CLANG_ENABLE_MODULES = YES;
				CLANG_ENABLE_OBJC_ARC = YES;
				CLANG_ENABLE_OBJC_WEAK = YES;
				CLANG_WARN_BLOCK_CAPTURE_AUTORELEASING = YES;
				CLANG_WARN_BOOL_CONVERSION = YES;
				CLANG_WARN_COMMA = YES;
				CLANG_WARN_CONSTANT_CONVERSION = YES;
				CLANG_WARN_DEPRECATED_OBJC_IMPLEMENTATIONS = YES;
				CLANG_WARN_DIRECT_OBJC_ISA_USAGE = YES_ERROR;
				CLANG_WARN_DOCUMENTATION_COMMENTS = YES;
				CLANG_WARN_EMPTY_BODY = YES;
				CLANG_WARN_ENUM_CONVERSION = YES;
				CLANG_WARN_INFINITE_RECURSION = YES;
				CLANG_WARN_INT_CONVERSION = YES;
				CLANG_WARN_NON_LITERAL_NULL_CONVERSION = YES;
				CLANG_WARN_OBJC_IMPLICIT_RETAIN_SELF = YES;
				CLANG_WARN_OBJC_LITERAL_CONVERSION = YES;
				CLANG_WARN_OBJC_ROOT_CLASS = YES_ERROR;
				CLANG_WARN_QUOTED_INCLUDE_IN_FRAMEWORK_HEADER = YES;
				CLANG_WARN_RANGE_LOOP_ANALYSIS = YES;
				CLANG_WARN_STRICT_PROTOTYPES = YES;
				CLANG_WARN_SUSPICIOUS_MOVE = YES;
				CLANG_WARN_UNGUARDED_AVAILABILITY = YES_AGGRESSIVE;
				CLANG_WARN_UNREACHABLE_CODE = YES;
				CLANG_WARN__DUPLICATE_METHOD_MATCH = YES;
				COPY_PHASE_STRIP = NO;
				DEBUG_INFORMATION_FORMAT = "dwarf-with-dsym";
				ENABLE_NS_ASSERTIONS = NO;
				ENABLE_STRICT_OBJC_MSGSEND = YES;
				GCC_C_LANGUAGE_STANDARD = gnu11;
				GCC_NO_COMMON_BLOCKS = YES;
				GCC_WARN_64_TO_32_BIT_CONVERSION = YES;
				GCC_WARN_ABOUT_RETURN_TYPE = YES_ERROR;
				GCC_WARN_UNDECLARED_SELECTOR = YES;
				GCC_WARN_UNINITIALIZED_AUTOS = YES_AGGRESSIVE;
				GCC_WARN_UNUSED_FUNCTION = YES;
				GCC_WARN_UNUSED_VARIABLE = YES;
				IPHONEOS_DEPLOYMENT_TARGET = 16.2;
				MTL_ENABLE_DEBUG_INFO = NO;
				MTL_FAST_MATH = YES;
				SDKROOT = iphoneos;
				SWIFT_COMPILATION_MODE = wholemodule;
				SWIFT_OPTIMIZATION_LEVEL = "-O";
				VALIDATE_PRODUCT = YES;
			};
			name = Release;
		};
		B2EC23322A166F6400F47F24 /* Debug */ = {
			isa = XCBuildConfiguration;
			buildSettings = {
				ASSETCATALOG_COMPILER_APPICON_NAME = AppIcon;
				ASSETCATALOG_COMPILER_GLOBAL_ACCENT_COLOR_NAME = AccentColor;
				CODE_SIGN_STYLE = Automatic;
				CURRENT_PROJECT_VERSION = 1;
				DEVELOPMENT_ASSET_PATHS = "\"ActivityViewer/Preview Content\"";
				DEVELOPMENT_TEAM = MDE3YTL7P4;
				ENABLE_PREVIEWS = YES;
				GENERATE_INFOPLIST_FILE = YES;
				INFOPLIST_KEY_UIApplicationSceneManifest_Generation = YES;
				INFOPLIST_KEY_UIApplicationSupportsIndirectInputEvents = YES;
				INFOPLIST_KEY_UILaunchScreen_Generation = YES;
				INFOPLIST_KEY_UISupportedInterfaceOrientations_iPad = "UIInterfaceOrientationPortrait UIInterfaceOrientationPortraitUpsideDown UIInterfaceOrientationLandscapeLeft UIInterfaceOrientationLandscapeRight";
				INFOPLIST_KEY_UISupportedInterfaceOrientations_iPhone = "UIInterfaceOrientationPortrait UIInterfaceOrientationLandscapeLeft UIInterfaceOrientationLandscapeRight";
				LD_RUNPATH_SEARCH_PATHS = (
					"$(inherited)",
					"@executable_path/Frameworks",
				);
				MARKETING_VERSION = 1.0;
				PRODUCT_BUNDLE_IDENTIFIER = net.bnpparibas.ActivityViewer;
				PRODUCT_NAME = "$(TARGET_NAME)";
				SWIFT_EMIT_LOC_STRINGS = YES;
				SWIFT_VERSION = 5.0;
				TARGETED_DEVICE_FAMILY = "1,2";
			};
			name = Debug;
		};
		B2EC23332A166F6400F47F24 /* Release */ = {
			isa = XCBuildConfiguration;
			buildSettings = {
				ASSETCATALOG_COMPILER_APPICON_NAME = AppIcon;
				ASSETCATALOG_COMPILER_GLOBAL_ACCENT_COLOR_NAME = AccentColor;
				CODE_SIGN_STYLE = Automatic;
				CURRENT_PROJECT_VERSION = 1;
				DEVELOPMENT_ASSET_PATHS = "\"ActivityViewer/Preview Content\"";
				DEVELOPMENT_TEAM = MDE3YTL7P4;
				ENABLE_PREVIEWS = YES;
				GENERATE_INFOPLIST_FILE = YES;
				INFOPLIST_KEY_UIApplicationSceneManifest_Generation = YES;
				INFOPLIST_KEY_UIApplicationSupportsIndirectInputEvents = YES;
				INFOPLIST_KEY_UILaunchScreen_Generation = YES;
				INFOPLIST_KEY_UISupportedInterfaceOrientations_iPad = "UIInterfaceOrientationPortrait UIInterfaceOrientationPortraitUpsideDown UIInterfaceOrientationLandscapeLeft UIInterfaceOrientationLandscapeRight";
				INFOPLIST_KEY_UISupportedInterfaceOrientations_iPhone = "UIInterfaceOrientationPortrait UIInterfaceOrientationLandscapeLeft UIInterfaceOrientationLandscapeRight";
				LD_RUNPATH_SEARCH_PATHS = (
					"$(inherited)",
					"@executable_path/Frameworks",
				);
				MARKETING_VERSION = 1.0;
				PRODUCT_BUNDLE_IDENTIFIER = net.bnpparibas.ActivityViewer;
				PRODUCT_NAME = "$(TARGET_NAME)";
				SWIFT_EMIT_LOC_STRINGS = YES;
				SWIFT_VERSION = 5.0;
				TARGETED_DEVICE_FAMILY = "1,2";
			};
			name = Release;
		};
		B2EC23352A166F6400F47F24 /* Debug */ = {
			isa = XCBuildConfiguration;
			buildSettings = {
				ALWAYS_EMBED_SWIFT_STANDARD_LIBRARIES = YES;
				BUNDLE_LOADER = "$(TEST_HOST)";
				CODE_SIGN_STYLE = Automatic;
				CURRENT_PROJECT_VERSION = 1;
				DEVELOPMENT_TEAM = MDE3YTL7P4;
				GENERATE_INFOPLIST_FILE = YES;
				IPHONEOS_DEPLOYMENT_TARGET = 16.2;
				MARKETING_VERSION = 1.0;
				PRODUCT_BUNDLE_IDENTIFIER = net.bnpparibas.ActivityViewerTests;
				PRODUCT_NAME = "$(TARGET_NAME)";
				SWIFT_EMIT_LOC_STRINGS = NO;
				SWIFT_VERSION = 5.0;
				TARGETED_DEVICE_FAMILY = "1,2";
				TEST_HOST = "$(BUILT_PRODUCTS_DIR)/ActivityViewer.app/$(BUNDLE_EXECUTABLE_FOLDER_PATH)/ActivityViewer";
			};
			name = Debug;
		};
		B2EC23362A166F6400F47F24 /* Release */ = {
			isa = XCBuildConfiguration;
			buildSettings = {
				ALWAYS_EMBED_SWIFT_STANDARD_LIBRARIES = YES;
				BUNDLE_LOADER = "$(TEST_HOST)";
				CODE_SIGN_STYLE = Automatic;
				CURRENT_PROJECT_VERSION = 1;
				DEVELOPMENT_TEAM = MDE3YTL7P4;
				GENERATE_INFOPLIST_FILE = YES;
				IPHONEOS_DEPLOYMENT_TARGET = 16.2;
				MARKETING_VERSION = 1.0;
				PRODUCT_BUNDLE_IDENTIFIER = net.bnpparibas.ActivityViewerTests;
				PRODUCT_NAME = "$(TARGET_NAME)";
				SWIFT_EMIT_LOC_STRINGS = NO;
				SWIFT_VERSION = 5.0;
				TARGETED_DEVICE_FAMILY = "1,2";
				TEST_HOST = "$(BUILT_PRODUCTS_DIR)/ActivityViewer.app/$(BUNDLE_EXECUTABLE_FOLDER_PATH)/ActivityViewer";
			};
			name = Release;
		};
		B2EC23382A166F6400F47F24 /* Debug */ = {
			isa = XCBuildConfiguration;
			buildSettings = {
				ALWAYS_EMBED_SWIFT_STANDARD_LIBRARIES = YES;
				CODE_SIGN_STYLE = Automatic;
				CURRENT_PROJECT_VERSION = 1;
				DEVELOPMENT_TEAM = MDE3YTL7P4;
				GENERATE_INFOPLIST_FILE = YES;
				MARKETING_VERSION = 1.0;
				PRODUCT_BUNDLE_IDENTIFIER = net.bnpparibas.ActivityViewerUITests;
				PRODUCT_NAME = "$(TARGET_NAME)";
				SWIFT_EMIT_LOC_STRINGS = NO;
				SWIFT_VERSION = 5.0;
				TARGETED_DEVICE_FAMILY = "1,2";
				TEST_TARGET_NAME = ActivityViewer;
			};
			name = Debug;
		};
		B2EC23392A166F6400F47F24 /* Release */ = {
			isa = XCBuildConfiguration;
			buildSettings = {
				ALWAYS_EMBED_SWIFT_STANDARD_LIBRARIES = YES;
				CODE_SIGN_STYLE = Automatic;
				CURRENT_PROJECT_VERSION = 1;
				DEVELOPMENT_TEAM = MDE3YTL7P4;
				GENERATE_INFOPLIST_FILE = YES;
				MARKETING_VERSION = 1.0;
				PRODUCT_BUNDLE_IDENTIFIER = net.bnpparibas.ActivityViewerUITests;
				PRODUCT_NAME = "$(TARGET_NAME)";
				SWIFT_EMIT_LOC_STRINGS = NO;
				SWIFT_VERSION = 5.0;
				TARGETED_DEVICE_FAMILY = "1,2";
				TEST_TARGET_NAME = ActivityViewer;
			};
			name = Release;
		};
/* End XCBuildConfiguration section */

/* Begin XCConfigurationList section */
		B2EC23082A166F6300F47F24 /* Build configuration list for PBXProject "ActivityViewer" */ = {
			isa = XCConfigurationList;
			buildConfigurations = (
				B2EC232F2A166F6400F47F24 /* Debug */,
				B2EC23302A166F6400F47F24 /* Release */,
			);
			defaultConfigurationIsVisible = 0;
			defaultConfigurationName = Release;
		};
		B2EC23312A166F6400F47F24 /* Build configuration list for PBXNativeTarget "ActivityViewer" */ = {
			isa = XCConfigurationList;
			buildConfigurations = (
				B2EC23322A166F6400F47F24 /* Debug */,
				B2EC23332A166F6400F47F24 /* Release */,
			);
			defaultConfigurationIsVisible = 0;
			defaultConfigurationName = Release;
		};
		B2EC23342A166F6400F47F24 /* Build configuration list for PBXNativeTarget "ActivityViewerTests" */ = {
			isa = XCConfigurationList;
			buildConfigurations = (
				B2EC23352A166F6400F47F24 /* Debug */,
				B2EC23362A166F6400F47F24 /* Release */,
			);
			defaultConfigurationIsVisible = 0;
			defaultConfigurationName = Release;
		};
		B2EC23372A166F6400F47F24 /* Build configuration list for PBXNativeTarget "ActivityViewerUITests" */ = {
			isa = XCConfigurationList;
			buildConfigurations = (
				B2EC23382A166F6400F47F24 /* Debug */,
				B2EC23392A166F6400F47F24 /* Release */,
			);
			defaultConfigurationIsVisible = 0;
			defaultConfigurationName = Release;
		};
/* End XCConfigurationList section */
	};
	rootObject = B2EC23052A166F6300F47F24 /* Project object */;
}
